
Microsoft Visual Studio Solution File, Format Version 12.00
# Visual Studio Version 17
VisualStudioVersion = 17.7.34202.233
MinimumVisualStudioVersion = 10.0.40219.1
Project("{9A19103F-16F7-4668-BE54-9A1E7A4F7556}") = "CleanArchitecture.Domain", "CleanArchitecture.Domain\CleanArchitecture.Domain.csproj", "{C14B9F52-06EA-4083-9A34-8209E3B18C12}"
EndProject
Project("{9A19103F-16F7-4668-BE54-9A1E7A4F7556}") = "CleanArchitecture.Persistence", "CleanArchitecture.Persistence\CleanArchitecture.Persistence.csproj", "{A020EF50-E3BE-4E1F-856A-84529EC8D053}"
EndProject
Project("{9A19103F-16F7-4668-BE54-9A1E7A4F7556}") = "CleanArchitecture.Application", "CleanArchitecture.Application\CleanArchitecture.Application.csproj", "{7C36425A-4977-4718-89E9-2BCC8D9F2ED4}"
EndProject
Project("{9A19103F-16F7-4668-BE54-9A1E7A4F7556}") = "CleanArchitecture.Presentation", "CleanArchitecture.Presentation\CleanArchitecture.Presentation.csproj", "{FA3C93E7-CDC1-4EBC-B9A3-6864D7099F6E}"
EndProject
Project("{9A19103F-16F7-4668-BE54-9A1E7A4F7556}") = "CleanArchitecture.Infrastucture", "CleanArchitecture.Infrastucture\CleanArchitecture.Infrastucture.csproj", "{BBBEEF9D-E61A-4967-AF88-86A0A1E7EE30}"
EndProject
Project("{FAE04EC0-301F-11D3-BF4B-00C04F79EFBC}") = "CleanArchitecture.Test", "CleanArchitecture.Test\CleanArchitecture.Test.csproj", "{EE824E21-392C-4541-B76F-73BB6A1B9D0C}"
EndProject
Global
	GlobalSection(SolutionConfigurationPlatforms) = preSolution
		Debug|Any CPU = Debug|Any CPU
		Release|Any CPU = Release|Any CPU
	EndGlobalSection
	GlobalSection(ProjectConfigurationPlatforms) = postSolution
		{C14B9F52-06EA-4083-9A34-8209E3B18C12}.Debug|Any CPU.ActiveCfg = Debug|Any CPU
		{C14B9F52-06EA-4083-9A34-8209E3B18C12}.Debug|Any CPU.Build.0 = Debug|Any CPU
		{C14B9F52-06EA-4083-9A34-8209E3B18C12}.Release|Any CPU.ActiveCfg = Release|Any CPU
		{C14B9F52-06EA-4083-9A34-8209E3B18C12}.Release|Any CPU.Build.0 = Release|Any CPU
		{A020EF50-E3BE-4E1F-856A-84529EC8D053}.Debug|Any CPU.ActiveCfg = Debug|Any CPU
		{A020EF50-E3BE-4E1F-856A-84529EC8D053}.Debug|Any CPU.Build.0 = Debug|Any CPU
		{A020EF50-E3BE-4E1F-856A-84529EC8D053}.Release|Any CPU.ActiveCfg = Release|Any CPU
		{A020EF50-E3BE-4E1F-856A-84529EC8D053}.Release|Any CPU.Build.0 = Release|Any CPU
		{7C36425A-4977-4718-89E9-2BCC8D9F2ED4}.Debug|Any CPU.ActiveCfg = Debug|Any CPU
		{7C36425A-4977-4718-89E9-2BCC8D9F2ED4}.Debug|Any CPU.Build.0 = Debug|Any CPU
		{7C36425A-4977-4718-89E9-2BCC8D9F2ED4}.Release|Any CPU.ActiveCfg = Release|Any CPU
		{7C36425A-4977-4718-89E9-2BCC8D9F2ED4}.Release|Any CPU.Build.0 = Release|Any CPU
		{FA3C93E7-CDC1-4EBC-B9A3-6864D7099F6E}.Debug|Any CPU.ActiveCfg = Debug|Any CPU
		{FA3C93E7-CDC1-4EBC-B9A3-6864D7099F6E}.Debug|Any CPU.Build.0 = Debug|Any CPU
		{FA3C93E7-CDC1-4EBC-B9A3-6864D7099F6E}.Release|Any CPU.ActiveCfg = Release|Any CPU
		{FA3C93E7-CDC1-4EBC-B9A3-6864D7099F6E}.Release|Any CPU.Build.0 = Release|Any CPU
		{BBBEEF9D-E61A-4967-AF88-86A0A1E7EE30}.Debug|Any CPU.ActiveCfg = Debug|Any CPU
		{BBBEEF9D-E61A-4967-AF88-86A0A1E7EE30}.Debug|Any CPU.Build.0 = Debug|Any CPU
		{BBBEEF9D-E61A-4967-AF88-86A0A1E7EE30}.Release|Any CPU.ActiveCfg = Release|Any CPU
		{BBBEEF9D-E61A-4967-AF88-86A0A1E7EE30}.Release|Any CPU.Build.0 = Release|Any CPU
		{EE824E21-392C-4541-B76F-73BB6A1B9D0C}.Debug|Any CPU.ActiveCfg = Debug|Any CPU
		{EE824E21-392C-4541-B76F-73BB6A1B9D0C}.Debug|Any CPU.Build.0 = Debug|Any CPU
		{EE824E21-392C-4541-B76F-73BB6A1B9D0C}.Release|Any CPU.ActiveCfg = Release|Any CPU
		{EE824E21-392C-4541-B76F-73BB6A1B9D0C}.Release|Any CPU.Build.0 = Release|Any CPU
	EndGlobalSection
	GlobalSection(SolutionProperties) = preSolution
		HideSolutionNode = FALSE
	EndGlobalSection
	GlobalSection(ExtensibilityGlobals) = postSolution
		SolutionGuid = {91D8C921-221A-4EB6-A457-1F38AE9F5698}
	EndGlobalSection
EndGlobal
